
Microsoft Visual Studio Solution File, Format Version 12.00
# Visual Studio Version 17
VisualStudioVersion = 17.13.35825.156 d17.13
MinimumVisualStudioVersion = 10.0.40219.1
Project("{FAE04EC0-301F-11D3-BF4B-00C04F79EFBC}") = "App", "App\App.csproj", "{2275D1B1-2ADC-4434-B984-DB6093FC644D}"
EndProject
Global
	GlobalSection(SolutionConfigurationPlatforms) = preSolution
		Debug|Any CPU = Debug|Any CPU
		Release|Any CPU = Release|Any CPU
	EndGlobalSection
	GlobalSection(ProjectConfigurationPlatforms) = postSolution
		{2275D1B1-2ADC-4434-B984-DB6093FC644D}.Debug|Any CPU.ActiveCfg = Debug|Any CPU
		{2275D1B1-2ADC-4434-B984-DB6093FC644D}.Debug|Any CPU.Build.0 = Debug|Any CPU
		{2275D1B1-2ADC-4434-B984-DB6093FC644D}.Release|Any CPU.ActiveCfg = Release|Any CPU
		{2275D1B1-2ADC-4434-B984-DB6093FC644D}.Release|Any CPU.Build.0 = Release|Any CPU
	EndGlobalSection
	GlobalSection(SolutionProperties) = preSolution
		HideSolutionNode = FALSE
	EndGlobalSection
	GlobalSection(ExtensibilityGlobals) = postSolution
		SolutionGuid = {97E0F286-7748-445C-8A61-32078A86E868}
	EndGlobalSection
EndGlobal
